// !$*UTF8*$!
{
	archiveVersion = 1;
	classes = {
	};
	objectVersion = 56;
	objects = {

/* Begin PBXBuildFile section */
		117292462964255600F16E95 /* clonevideoApp.swift in Sources */ = {isa = PBXBuildFile; fileRef = 117292452964255600F16E95 /* clonevideoApp.swift */; };
		117292482964255600F16E95 /* ContentView.swift in Sources */ = {isa = PBXBuildFile; fileRef = 117292472964255600F16E95 /* ContentView.swift */; };
		1172924A2964255900F16E95 /* Assets.xcassets in Resources */ = {isa = PBXBuildFile; fileRef = 117292492964255900F16E95 /* Assets.xcassets */; };
		1172924D2964255900F16E95 /* Preview Assets.xcassets in Resources */ = {isa = PBXBuildFile; fileRef = 1172924C2964255900F16E95 /* Preview Assets.xcassets */; };
		117292582964294E00F16E95 /* querytag.swift in Sources */ = {isa = PBXBuildFile; fileRef = 117292572964294E00F16E95 /* querytag.swift */; };
		1172925A29642A5400F16E95 /* videomanager.swift in Sources */ = {isa = PBXBuildFile; fileRef = 1172925929642A5400F16E95 /* videomanager.swift */; };
		1172925E2964569A00F16E95 /* videocard.swift in Sources */ = {isa = PBXBuildFile; fileRef = 1172925D2964569A00F16E95 /* videocard.swift */; };
		1172926029645FC800F16E95 /* videodata.json in Resources */ = {isa = PBXBuildFile; fileRef = 1172925F29645FC800F16E95 /* videodata.json */; };
		117292622964605F00F16E95 /* modeldata.swift in Sources */ = {isa = PBXBuildFile; fileRef = 117292612964605F00F16E95 /* modeldata.swift */; };
		11C6522329654B68003FD729 /* videoview.swift in Sources */ = {isa = PBXBuildFile; fileRef = 11C6522229654B67003FD729 /* videoview.swift */; };
		11C652252965A1FF003FD729 /* loginview.swift in Sources */ = {isa = PBXBuildFile; fileRef = 11C652242965A1FF003FD729 /* loginview.swift */; };
		11C652282965AA0D003FD729 /* FirebaseAuth in Frameworks */ = {isa = PBXBuildFile; productRef = 11C652272965AA0D003FD729 /* FirebaseAuth */; };
		11C6522A2965AA0D003FD729 /* FirebaseFirestore in Frameworks */ = {isa = PBXBuildFile; productRef = 11C652292965AA0D003FD729 /* FirebaseFirestore */; };
		11C6522C2965AAC0003FD729 /* GoogleService-Info.plist in Resources */ = {isa = PBXBuildFile; fileRef = 11C6522B2965AABF003FD729 /* GoogleService-Info.plist */; };
/* End PBXBuildFile section */

/* Begin PBXFileReference section */
		117292422964255600F16E95 /* clonevideo.app */ = {isa = PBXFileReference; explicitFileType = wrapper.application; includeInIndex = 0; path = clonevideo.app; sourceTree = BUILT_PRODUCTS_DIR; };
		117292452964255600F16E95 /* clonevideoApp.swift */ = {isa = PBXFileReference; lastKnownFileType = sourcecode.swift; path = clonevideoApp.swift; sourceTree = "<group>"; };
		117292472964255600F16E95 /* ContentView.swift */ = {isa = PBXFileReference; lastKnownFileType = sourcecode.swift; path = ContentView.swift; sourceTree = "<group>"; };
		117292492964255900F16E95 /* Assets.xcassets */ = {isa = PBXFileReference; lastKnownFileType = folder.assetcatalog; path = Assets.xcassets; sourceTree = "<group>"; };
		1172924C2964255900F16E95 /* Preview Assets.xcassets */ = {isa = PBXFileReference; lastKnownFileType = folder.assetcatalog; path = "Preview Assets.xcassets"; sourceTree = "<group>"; };
		117292572964294E00F16E95 /* querytag.swift */ = {isa = PBXFileReference; lastKnownFileType = sourcecode.swift; path = querytag.swift; sourceTree = "<group>"; };
		1172925929642A5400F16E95 /* videomanager.swift */ = {isa = PBXFileReference; lastKnownFileType = sourcecode.swift; path = videomanager.swift; sourceTree = "<group>"; };
		1172925D2964569A00F16E95 /* videocard.swift */ = {isa = PBXFileReference; lastKnownFileType = sourcecode.swift; path = videocard.swift; sourceTree = "<group>"; };
		1172925F29645FC800F16E95 /* videodata.json */ = {isa = PBXFileReference; fileEncoding = 4; lastKnownFileType = text.json; path = videodata.json; sourceTree = "<group>"; };
		117292612964605F00F16E95 /* modeldata.swift */ = {isa = PBXFileReference; lastKnownFileType = sourcecode.swift; path = modeldata.swift; sourceTree = "<group>"; };
		11C6522229654B67003FD729 /* videoview.swift */ = {isa = PBXFileReference; lastKnownFileType = sourcecode.swift; path = videoview.swift; sourceTree = "<group>"; };
		11C652242965A1FF003FD729 /* loginview.swift */ = {isa = PBXFileReference; lastKnownFileType = sourcecode.swift; path = loginview.swift; sourceTree = "<group>"; };
		11C6522B2965AABF003FD729 /* GoogleService-Info.plist */ = {isa = PBXFileReference; fileEncoding = 4; lastKnownFileType = text.plist.xml; name = "GoogleService-Info.plist"; path = "../../../../../Downloads/GoogleService-Info.plist"; sourceTree = "<group>"; };
/* End PBXFileReference section */

/* Begin PBXFrameworksBuildPhase section */
		1172923F2964255600F16E95 /* Frameworks */ = {
			isa = PBXFrameworksBuildPhase;
			buildActionMask = 2147483647;
			files = (
				11C652282965AA0D003FD729 /* FirebaseAuth in Frameworks */,
				11C6522A2965AA0D003FD729 /* FirebaseFirestore in Frameworks */,
			);
			runOnlyForDeploymentPostprocessing = 0;
		};
/* End PBXFrameworksBuildPhase section */

/* Begin PBXGroup section */
		117292392964255600F16E95 = {
			isa = PBXGroup;
			children = (
				117292442964255600F16E95 /* clonevideo */,
				117292432964255600F16E95 /* Products */,
			);
			sourceTree = "<group>";
		};
		117292432964255600F16E95 /* Products */ = {
			isa = PBXGroup;
			children = (
				117292422964255600F16E95 /* clonevideo.app */,
			);
			name = Products;
			sourceTree = "<group>";
		};
		117292442964255600F16E95 /* clonevideo */ = {
			isa = PBXGroup;
			children = (
				117292452964255600F16E95 /* clonevideoApp.swift */,
				117292472964255600F16E95 /* ContentView.swift */,
				11C652242965A1FF003FD729 /* loginview.swift */,
				1172925929642A5400F16E95 /* videomanager.swift */,
				1172925F29645FC800F16E95 /* videodata.json */,
				11C6522B2965AABF003FD729 /* GoogleService-Info.plist */,
				117292562964293600F16E95 /* components */,
				117292492964255900F16E95 /* Assets.xcassets */,
				1172924B2964255900F16E95 /* Preview Content */,
				11C6522229654B67003FD729 /* videoview.swift */,
			);
			path = clonevideo;
			sourceTree = "<group>";
		};
		1172924B2964255900F16E95 /* Preview Content */ = {
			isa = PBXGroup;
			children = (
				1172924C2964255900F16E95 /* Preview Assets.xcassets */,
				117292612964605F00F16E95 /* modeldata.swift */,
			);
			path = "Preview Content";
			sourceTree = "<group>";
		};
		117292562964293600F16E95 /* components */ = {
			isa = PBXGroup;
			children = (
				117292572964294E00F16E95 /* querytag.swift */,
				1172925D2964569A00F16E95 /* videocard.swift */,
			);
			path = components;
			sourceTree = "<group>";
		};
/* End PBXGroup section */

/* Begin PBXNativeTarget section */
		117292412964255600F16E95 /* clonevideo */ = {
			isa = PBXNativeTarget;
			buildConfigurationList = 117292502964255900F16E95 /* Build configuration list for PBXNativeTarget "clonevideo" */;
			buildPhases = (
				1172923E2964255600F16E95 /* Sources */,
				1172923F2964255600F16E95 /* Frameworks */,
				117292402964255600F16E95 /* Resources */,
			);
			buildRules = (
			);
			dependencies = (
			);
			name = clonevideo;
			packageProductDependencies = (
				11C652272965AA0D003FD729 /* FirebaseAuth */,
				11C652292965AA0D003FD729 /* FirebaseFirestore */,
			);
			productName = clonevideo;
			productReference = 117292422964255600F16E95 /* clonevideo.app */;
			productType = "com.apple.product-type.application";
		};
/* End PBXNativeTarget section */

/* Begin PBXProject section */
		1172923A2964255600F16E95 /* Project object */ = {
			isa = PBXProject;
			attributes = {
				BuildIndependentTargetsInParallel = 1;
				LastSwiftUpdateCheck = 1420;
				LastUpgradeCheck = 1420;
				TargetAttributes = {
					117292412964255600F16E95 = {
						CreatedOnToolsVersion = 14.2;
					};
				};
			};
			buildConfigurationList = 1172923D2964255600F16E95 /* Build configuration list for PBXProject "clonevideo" */;
			compatibilityVersion = "Xcode 14.0";
			developmentRegion = en;
			hasScannedForEncodings = 0;
			knownRegions = (
				en,
				Base,
			);
			mainGroup = 117292392964255600F16E95;
			packageReferences = (
				11C652262965AA0D003FD729 /* XCRemoteSwiftPackageReference "firebase-ios-sdk" */,
			);
			productRefGroup = 117292432964255600F16E95 /* Products */;
			projectDirPath = "";
			projectRoot = "";
			targets = (
				117292412964255600F16E95 /* clonevideo */,
			);
		};
/* End PBXProject section */

/* Begin PBXResourcesBuildPhase section */
		117292402964255600F16E95 /* Resources */ = {
			isa = PBXResourcesBuildPhase;
			buildActionMask = 2147483647;
			files = (
				1172924D2964255900F16E95 /* Preview Assets.xcassets in Resources */,
				11C6522C2965AAC0003FD729 /* GoogleService-Info.plist in Resources */,
				1172924A2964255900F16E95 /* Assets.xcassets in Resources */,
				1172926029645FC800F16E95 /* videodata.json in Resources */,
			);
			runOnlyForDeploymentPostprocessing = 0;
		};
/* End PBXResourcesBuildPhase section */

/* Begin PBXSourcesBuildPhase section */
		1172923E2964255600F16E95 /* Sources */ = {
			isa = PBXSourcesBuildPhase;
			buildActionMask = 2147483647;
			files = (
				117292582964294E00F16E95 /* querytag.swift in Sources */,
				117292482964255600F16E95 /* ContentView.swift in Sources */,
				1172925E2964569A00F16E95 /* videocard.swift in Sources */,
				11C6522329654B68003FD729 /* videoview.swift in Sources */,
				117292622964605F00F16E95 /* modeldata.swift in Sources */,
				117292462964255600F16E95 /* clonevideoApp.swift in Sources */,
				11C652252965A1FF003FD729 /* loginview.swift in Sources */,
				1172925A29642A5400F16E95 /* videomanager.swift in Sources */,
			);
			runOnlyForDeploymentPostprocessing = 0;
		};
/* End PBXSourcesBuildPhase section */

/* Begin XCBuildConfiguration section */
		1172924E2964255900F16E95 /* Debug */ = {
			isa = XCBuildConfiguration;
			buildSettings = {
				ALWAYS_SEARCH_USER_PATHS = NO;
				CLANG_ANALYZER_NONNULL = YES;
				CLANG_ANALYZER_NUMBER_OBJECT_CONVERSION = YES_AGGRESSIVE;
				CLANG_CXX_LANGUAGE_STANDARD = "gnu++20";
				CLANG_ENABLE_MODULES = YES;
				CLANG_ENABLE_OBJC_ARC = YES;
				CLANG_ENABLE_OBJC_WEAK = YES;
				CLANG_WARN_BLOCK_CAPTURE_AUTORELEASING = YES;
				CLANG_WARN_BOOL_CONVERSION = YES;
				CLANG_WARN_COMMA = YES;
				CLANG_WARN_CONSTANT_CONVERSION = YES;
				CLANG_WARN_DEPRECATED_OBJC_IMPLEMENTATIONS = YES;
				CLANG_WARN_DIRECT_OBJC_ISA_USAGE = YES_ERROR;
				CLANG_WARN_DOCUMENTATION_COMMENTS = YES;
				CLANG_WARN_EMPTY_BODY = YES;
				CLANG_WARN_ENUM_CONVERSION = YES;
				CLANG_WARN_INFINITE_RECURSION = YES;
				CLANG_WARN_INT_CONVERSION = YES;
				CLANG_WARN_NON_LITERAL_NULL_CONVERSION = YES;
				CLANG_WARN_OBJC_IMPLICIT_RETAIN_SELF = YES;
				CLANG_WARN_OBJC_LITERAL_CONVERSION = YES;
				CLANG_WARN_OBJC_ROOT_CLASS = YES_ERROR;
				CLANG_WARN_QUOTED_INCLUDE_IN_FRAMEWORK_HEADER = YES;
				CLANG_WARN_RANGE_LOOP_ANALYSIS = YES;
				CLANG_WARN_STRICT_PROTOTYPES = YES;
				CLANG_WARN_SUSPICIOUS_MOVE = YES;
				CLANG_WARN_UNGUARDED_AVAILABILITY = YES_AGGRESSIVE;
				CLANG_WARN_UNREACHABLE_CODE = YES;
				CLANG_WARN__DUPLICATE_METHOD_MATCH = YES;
				COPY_PHASE_STRIP = NO;
				DEBUG_INFORMATION_FORMAT = dwarf;
				ENABLE_STRICT_OBJC_MSGSEND = YES;
				ENABLE_TESTABILITY = YES;
				GCC_C_LANGUAGE_STANDARD = gnu11;
				GCC_DYNAMIC_NO_PIC = NO;
				GCC_NO_COMMON_BLOCKS = YES;
				GCC_OPTIMIZATION_LEVEL = 0;
				GCC_PREPROCESSOR_DEFINITIONS = (
					"DEBUG=1",
					"$(inherited)",
				);
				GCC_WARN_64_TO_32_BIT_CONVERSION = YES;
				GCC_WARN_ABOUT_RETURN_TYPE = YES_ERROR;
				GCC_WARN_UNDECLARED_SELECTOR = YES;
				GCC_WARN_UNINITIALIZED_AUTOS = YES_AGGRESSIVE;
				GCC_WARN_UNUSED_FUNCTION = YES;
				GCC_WARN_UNUSED_VARIABLE = YES;
				IPHONEOS_DEPLOYMENT_TARGET = 16.2;
				MTL_ENABLE_DEBUG_INFO = INCLUDE_SOURCE;
				MTL_FAST_MATH = YES;
				ONLY_ACTIVE_ARCH = YES;
				SDKROOT = iphoneos;
				SWIFT_ACTIVE_COMPILATION_CONDITIONS = DEBUG;
				SWIFT_OPTIMIZATION_LEVEL = "-Onone";
			};
			name = Debug;
		};
		1172924F2964255900F16E95 /* Release */ = {
			isa = XCBuildConfiguration;
			buildSettings = {
				ALWAYS_SEARCH_USER_PATHS = NO;
				CLANG_ANALYZER_NONNULL = YES;
				CLANG_ANALYZER_NUMBER_OBJECT_CONVERSION = YES_AGGRESSIVE;
				CLANG_CXX_LANGUAGE_STANDARD = "gnu++20";
				CLANG_ENABLE_MODULES = YES;
				CLANG_ENABLE_OBJC_ARC = YES;
				CLANG_ENABLE_OBJC_WEAK = YES;
				CLANG_WARN_BLOCK_CAPTURE_AUTORELEASING = YES;
				CLANG_WARN_BOOL_CONVERSION = YES;
				CLANG_WARN_COMMA = YES;
				CLANG_WARN_CONSTANT_CONVERSION = YES;
				CLANG_WARN_DEPRECATED_OBJC_IMPLEMENTATIONS = YES;
				CLANG_WARN_DIRECT_OBJC_ISA_USAGE = YES_ERROR;
				CLANG_WARN_DOCUMENTATION_COMMENTS = YES;
				CLANG_WARN_EMPTY_BODY = YES;
				CLANG_WARN_ENUM_CONVERSION = YES;
				CLANG_WARN_INFINITE_RECURSION = YES;
				CLANG_WARN_INT_CONVERSION = YES;
				CLANG_WARN_NON_LITERAL_NULL_CONVERSION = YES;
				CLANG_WARN_OBJC_IMPLICIT_RETAIN_SELF = YES;
				CLANG_WARN_OBJC_LITERAL_CONVERSION = YES;
				CLANG_WARN_OBJC_ROOT_CLASS = YES_ERROR;
				CLANG_WARN_QUOTED_INCLUDE_IN_FRAMEWORK_HEADER = YES;
				CLANG_WARN_RANGE_LOOP_ANALYSIS = YES;
				CLANG_WARN_STRICT_PROTOTYPES = YES;
				CLANG_WARN_SUSPICIOUS_MOVE = YES;
				CLANG_WARN_UNGUARDED_AVAILABILITY = YES_AGGRESSIVE;
				CLANG_WARN_UNREACHABLE_CODE = YES;
				CLANG_WARN__DUPLICATE_METHOD_MATCH = YES;
				COPY_PHASE_STRIP = NO;
				DEBUG_INFORMATION_FORMAT = "dwarf-with-dsym";
				ENABLE_NS_ASSERTIONS = NO;
				ENABLE_STRICT_OBJC_MSGSEND = YES;
				GCC_C_LANGUAGE_STANDARD = gnu11;
				GCC_NO_COMMON_BLOCKS = YES;
				GCC_WARN_64_TO_32_BIT_CONVERSION = YES;
				GCC_WARN_ABOUT_RETURN_TYPE = YES_ERROR;
				GCC_WARN_UNDECLARED_SELECTOR = YES;
				GCC_WARN_UNINITIALIZED_AUTOS = YES_AGGRESSIVE;
				GCC_WARN_UNUSED_FUNCTION = YES;
				GCC_WARN_UNUSED_VARIABLE = YES;
				IPHONEOS_DEPLOYMENT_TARGET = 16.2;
				MTL_ENABLE_DEBUG_INFO = NO;
				MTL_FAST_MATH = YES;
				SDKROOT = iphoneos;
				SWIFT_COMPILATION_MODE = wholemodule;
				SWIFT_OPTIMIZATION_LEVEL = "-O";
				VALIDATE_PRODUCT = YES;
			};
			name = Release;
		};
		117292512964255900F16E95 /* Debug */ = {
			isa = XCBuildConfiguration;
			buildSettings = {
				ASSETCATALOG_COMPILER_APPICON_NAME = AppIcon;
				ASSETCATALOG_COMPILER_GLOBAL_ACCENT_COLOR_NAME = AccentColor;
				CODE_SIGN_STYLE = Automatic;
				CURRENT_PROJECT_VERSION = 1;
				DEVELOPMENT_ASSET_PATHS = "\"clonevideo/Preview Content\"";
				ENABLE_PREVIEWS = YES;
				GENERATE_INFOPLIST_FILE = YES;
				INFOPLIST_KEY_UIApplicationSceneManifest_Generation = YES;
				INFOPLIST_KEY_UIApplicationSupportsIndirectInputEvents = YES;
				INFOPLIST_KEY_UILaunchScreen_Generation = YES;
				INFOPLIST_KEY_UISupportedInterfaceOrientations_iPad = "UIInterfaceOrientationPortrait UIInterfaceOrientationPortraitUpsideDown UIInterfaceOrientationLandscapeLeft UIInterfaceOrientationLandscapeRight";
				INFOPLIST_KEY_UISupportedInterfaceOrientations_iPhone = "UIInterfaceOrientationPortrait UIInterfaceOrientationLandscapeLeft UIInterfaceOrientationLandscapeRight";
				LD_RUNPATH_SEARCH_PATHS = (
					"$(inherited)",
					"@executable_path/Frameworks",
				);
				MARKETING_VERSION = 1.0;
				PRODUCT_BUNDLE_IDENTIFIER = iosdev.clonevideo;
				PRODUCT_NAME = "$(TARGET_NAME)";
				SWIFT_EMIT_LOC_STRINGS = YES;
				SWIFT_VERSION = 5.0;
				TARGETED_DEVICE_FAMILY = "1,2";
			};
			name = Debug;
		};
		117292522964255900F16E95 /* Release */ = {
			isa = XCBuildConfiguration;
			buildSettings = {
				ASSETCATALOG_COMPILER_APPICON_NAME = AppIcon;
				ASSETCATALOG_COMPILER_GLOBAL_ACCENT_COLOR_NAME = AccentColor;
				CODE_SIGN_STYLE = Automatic;
				CURRENT_PROJECT_VERSION = 1;
				DEVELOPMENT_ASSET_PATHS = "\"clonevideo/Preview Content\"";
				ENABLE_PREVIEWS = YES;
				GENERATE_INFOPLIST_FILE = YES;
				INFOPLIST_KEY_UIApplicationSceneManifest_Generation = YES;
				INFOPLIST_KEY_UIApplicationSupportsIndirectInputEvents = YES;
				INFOPLIST_KEY_UILaunchScreen_Generation = YES;
				INFOPLIST_KEY_UISupportedInterfaceOrientations_iPad = "UIInterfaceOrientationPortrait UIInterfaceOrientationPortraitUpsideDown UIInterfaceOrientationLandscapeLeft UIInterfaceOrientationLandscapeRight";
				INFOPLIST_KEY_UISupportedInterfaceOrientations_iPhone = "UIInterfaceOrientationPortrait UIInterfaceOrientationLandscapeLeft UIInterfaceOrientationLandscapeRight";
				LD_RUNPATH_SEARCH_PATHS = (
					"$(inherited)",
					"@executable_path/Frameworks",
				);
				MARKETING_VERSION = 1.0;
				PRODUCT_BUNDLE_IDENTIFIER = iosdev.clonevideo;
				PRODUCT_NAME = "$(TARGET_NAME)";
				SWIFT_EMIT_LOC_STRINGS = YES;
				SWIFT_VERSION = 5.0;
				TARGETED_DEVICE_FAMILY = "1,2";
			};
			name = Release;
		};
/* End XCBuildConfiguration section */

/* Begin XCConfigurationList section */
		1172923D2964255600F16E95 /* Build configuration list for PBXProject "clonevideo" */ = {
			isa = XCConfigurationList;
			buildConfigurations = (
				1172924E2964255900F16E95 /* Debug */,
				1172924F2964255900F16E95 /* Release */,
			);
			defaultConfigurationIsVisible = 0;
			defaultConfigurationName = Release;
		};
		117292502964255900F16E95 /* Build configuration list for PBXNativeTarget "clonevideo" */ = {
			isa = XCConfigurationList;
			buildConfigurations = (
				117292512964255900F16E95 /* Debug */,
				117292522964255900F16E95 /* Release */,
			);
			defaultConfigurationIsVisible = 0;
			defaultConfigurationName = Release;
		};
/* End XCConfigurationList section */

/* Begin XCRemoteSwiftPackageReference section */
		11C652262965AA0D003FD729 /* XCRemoteSwiftPackageReference "firebase-ios-sdk" */ = {
			isa = XCRemoteSwiftPackageReference;
			repositoryURL = "https://github.com/firebase/firebase-ios-sdk.git";
			requirement = {
				kind = upToNextMajorVersion;
				minimumVersion = 9.0.0;
			};
		};
/* End XCRemoteSwiftPackageReference section */

/* Begin XCSwiftPackageProductDependency section */
		11C652272965AA0D003FD729 /* FirebaseAuth */ = {
			isa = XCSwiftPackageProductDependency;
			package = 11C652262965AA0D003FD729 /* XCRemoteSwiftPackageReference "firebase-ios-sdk" */;
			productName = FirebaseAuth;
		};
		11C652292965AA0D003FD729 /* FirebaseFirestore */ = {
			isa = XCSwiftPackageProductDependency;
			package = 11C652262965AA0D003FD729 /* XCRemoteSwiftPackageReference "firebase-ios-sdk" */;
			productName = FirebaseFirestore;
		};
/* End XCSwiftPackageProductDependency section */
	};
	rootObject = 1172923A2964255600F16E95 /* Project object */;
}
